{
    "_readme": [
        "This file locks the dependencies of your project to a known state",
        "Read more about it at https://getcomposer.org/doc/01-basic-usage.md#composer-lock-the-lock-file",
        "This file is @generated automatically"
    ],
    "hash": "2067340cec8dfe0142a9b2a4c5b8d9d6",
    "packages": [
        {
            "name": "99designs/http-signatures",
            "version": "v1.1.0",
            "source": {
                "type": "git",
                "url": "https://github.com/99designs/http-signatures-php.git",
                "reference": "2ac36e88a0b1c52b6e87aad8e35cfdee80c2a772"
            },
            "dist": {
                "type": "zip",
                "url": "https://api.github.com/repos/99designs/http-signatures-php/zipball/2ac36e88a0b1c52b6e87aad8e35cfdee80c2a772",
                "reference": "2ac36e88a0b1c52b6e87aad8e35cfdee80c2a772",
                "shasum": ""
            },
            "require": {
                "php": ">=5.3.0",
                "symfony/http-foundation": "~2.5"
            },
            "require-dev": {
                "phpunit/phpunit": "~4.1"
            },
            "type": "library",
            "autoload": {
                "psr-4": {
                    "HttpSignatures\\": "src/"
                }
            },
            "notification-url": "https://packagist.org/downloads/",
            "license": [
                "MIT"
            ],
            "authors": [
                {
                    "name": "Paul Annesley",
                    "email": "paul@99designs.com"
                }
            ],
            "description": "Sign and verify HTTP messages",
            "homepage": "https://github.com/99designs/http-signatures-php",
            "keywords": [
                "hmac",
                "http",
                "https",
                "signature",
                "signed",
                "signing"
            ],
            "time": "2014-08-05 23:02:51"
        },
        {
            "name": "99designs/http-signatures-guzzlehttp",
            "version": "1.0.0",
            "source": {
                "type": "git",
                "url": "https://github.com/99designs/http-signatures-guzzlehttp.git",
                "reference": "81cfb71949fc221b55f12d284580a6eadbc84abe"
            },
            "dist": {
                "type": "zip",
                "url": "https://api.github.com/repos/99designs/http-signatures-guzzlehttp/zipball/81cfb71949fc221b55f12d284580a6eadbc84abe",
                "reference": "81cfb71949fc221b55f12d284580a6eadbc84abe",
                "shasum": ""
            },
            "require": {
                "99designs/http-signatures": "~1.1",
                "guzzlehttp/guzzle": "~4.2",
                "php": ">=5.4.0"
            },
            "require-dev": {
                "phpunit/phpunit": "~4.1"
            },
            "type": "library",
            "autoload": {
                "psr-4": {
                    "": "src/"
                }
            },
            "notification-url": "https://packagist.org/downloads/",
            "license": [
                "MIT"
            ],
            "authors": [
                {
                    "name": "Adrian Palmer",
                    "email": "adrian.palmer@99designs.com"
                },
                {
                    "name": "Ruben de Vries",
                    "email": "ruben@blocktrail.com"
                }
            ],
            "description": "Sign and verify HTTP messages with Guzzle 4",
            "homepage": "https://github.com/99designs/http-signatures-guzzlehttp",
            "keywords": [
                "guzzle 4",
                "hmac",
                "http",
                "https",
                "signature",
                "signed",
                "signing"
            ],
            "time": "2014-10-27 23:15:56"
        },
        {
            "name": "firebase/php-jwt",
            "version": "v2.1.0",
            "source": {
                "type": "git",
                "url": "https://github.com/firebase/php-jwt.git",
                "reference": "fb219727e199dd80a72d5274ebb5c8b24d58dd9b"
            },
            "dist": {
                "type": "zip",
                "url": "https://api.github.com/repos/firebase/php-jwt/zipball/fb219727e199dd80a72d5274ebb5c8b24d58dd9b",
                "reference": "fb219727e199dd80a72d5274ebb5c8b24d58dd9b",
                "shasum": ""
            },
            "require": {
                "php": ">=5.2.0"
            },
            "type": "library",
            "autoload": {
                "classmap": [
                    "Authentication/",
                    "Exceptions/"
                ]
            },
            "notification-url": "https://packagist.org/downloads/",
            "license": [
                "BSD-3-Clause"
            ],
            "authors": [
                {
                    "name": "Neuman Vong",
                    "email": "neuman+pear@twilio.com",
                    "role": "Developer"
                },
                {
                    "name": "Anant Narayanan",
                    "email": "anant@php.net",
                    "role": "Developer"
                }
            ],
            "description": "A simple library to encode and decode JSON Web Tokens (JWT) in PHP. Should conform to the current spec.",
            "homepage": "https://github.com/firebase/php-jwt",
            "time": "2015-05-20 19:16:04"
        },
        {
            "name": "get-stream/stream",
            "version": "2.1.4",
            "source": {
                "type": "git",
                "url": "https://github.com/GetStream/stream-php.git",
                "reference": "70d294bf4f898a66f32d01e2f8455f6b8ebf798d"
            },
            "dist": {
                "type": "zip",
                "url": "https://api.github.com/repos/GetStream/stream-php/zipball/70d294bf4f898a66f32d01e2f8455f6b8ebf798d",
                "reference": "70d294bf4f898a66f32d01e2f8455f6b8ebf798d",
                "shasum": ""
            },
            "require": {
                "99designs/http-signatures": ">=1.1.0 <3.0.0",
                "99designs/http-signatures-guzzlehttp": "1.0.*",
                "firebase/php-jwt": "2.1.*",
                "guzzlehttp/guzzle": ">=4.0 <6.0",
                "php": ">=5.4"
            },
            "require-dev": {
                "phpunit/phpunit": "4.3.*",
                "satooshi/php-coveralls": "dev-master"
            },
            "type": "package",
            "autoload": {
                "psr-0": {
                    "GetStream\\Stream": "lib/"
                }
            },
            "notification-url": "https://packagist.org/downloads/",
            "license": [
                "BSD"
            ],
            "authors": [
                {
                    "name": "Tommaso Barbugli",
                    "email": "tbarbugli@gmail.com"
                }
            ],
            "description": "A PHP client for Stream (https://getstream.io)",
            "homepage": "https://getstream.io",
            "keywords": [
                "feedly",
                "newsfeed",
                "stream"
            ],
            "time": "2015-06-16 16:04:13"
        },
        {
            "name": "guzzlehttp/guzzle",
            "version": "4.2.3",
            "source": {
                "type": "git",
                "url": "https://github.com/guzzle/guzzle.git",
                "reference": "66fd916e9f9130bc22c51450476823391cb2f67c"
            },
            "dist": {
                "type": "zip",
                "url": "https://api.github.com/repos/guzzle/guzzle/zipball/66fd916e9f9130bc22c51450476823391cb2f67c",
                "reference": "66fd916e9f9130bc22c51450476823391cb2f67c",
                "shasum": ""
            },
            "require": {
                "ext-json": "*",
                "guzzlehttp/streams": "~2.1",
                "php": ">=5.4.0"
            },
            "require-dev": {
                "ext-curl": "*",
                "phpunit/phpunit": "~4.0",
                "psr/log": "~1.0"
            },
            "suggest": {
                "ext-curl": "Guzzle will use specific adapters if cURL is present"
            },
            "type": "library",
            "extra": {
                "branch-alias": {
                    "dev-master": "4.2-dev"
                }
            },
            "autoload": {
                "psr-4": {
                    "GuzzleHttp\\": "src/"
                },
                "files": [
                    "src/functions.php"
                ]
            },
            "notification-url": "https://packagist.org/downloads/",
            "license": [
                "MIT"
            ],
            "authors": [
                {
                    "name": "Michael Dowling",
                    "email": "mtdowling@gmail.com",
                    "homepage": "https://github.com/mtdowling"
                }
            ],
            "description": "Guzzle is a PHP HTTP client library and framework for building RESTful web service clients",
            "homepage": "http://guzzlephp.org/",
            "keywords": [
                "client",
                "curl",
                "framework",
                "http",
                "http client",
                "rest",
                "web service"
            ],
            "time": "2014-10-05 19:29:14"
        },
        {
            "name": "guzzlehttp/streams",
            "version": "2.1.0",
            "source": {
                "type": "git",
                "url": "https://github.com/guzzle/streams.git",
                "reference": "f91b721d73f0e561410903b3b3c90a5d0e40b534"
            },
            "dist": {
                "type": "zip",
                "url": "https://api.github.com/repos/guzzle/streams/zipball/f91b721d73f0e561410903b3b3c90a5d0e40b534",
                "reference": "f91b721d73f0e561410903b3b3c90a5d0e40b534",
                "shasum": ""
            },
            "require": {
                "php": ">=5.4.0"
            },
            "require-dev": {
                "phpunit/phpunit": "~4.0"
            },
            "type": "library",
            "extra": {
                "branch-alias": {
                    "dev-master": "2.0-dev"
                }
            },
            "autoload": {
                "psr-4": {
                    "GuzzleHttp\\Stream\\": "src/"
                },
                "files": [
                    "src/functions.php"
                ]
            },
            "notification-url": "https://packagist.org/downloads/",
            "license": [
                "MIT"
            ],
            "authors": [
                {
                    "name": "Michael Dowling",
                    "email": "mtdowling@gmail.com",
                    "homepage": "https://github.com/mtdowling"
                }
            ],
            "description": "Provides a simple abstraction over streams of data (Guzzle 4+)",
            "homepage": "http://guzzlephp.org/",
            "keywords": [
                "Guzzle",
                "stream"
            ],
            "time": "2014-08-17 21:15:53"
        },
        {
            "name": "symfony/http-foundation",
            "version": "v2.7.2",
            "source": {
                "type": "git",
                "url": "https://github.com/symfony/HttpFoundation.git",
                "reference": "88903c0531b90d4ecd90282b18f08c0c77bde0b2"
            },
            "dist": {
                "type": "zip",
                "url": "https://api.github.com/repos/symfony/HttpFoundation/zipball/88903c0531b90d4ecd90282b18f08c0c77bde0b2",
                "reference": "88903c0531b90d4ecd90282b18f08c0c77bde0b2",
                "shasum": ""
            },
            "require": {
                "php": ">=5.3.9"
            },
            "require-dev": {
                "symfony/expression-language": "~2.4",
                "symfony/phpunit-bridge": "~2.7"
            },
            "type": "library",
            "extra": {
                "branch-alias": {
                    "dev-master": "2.7-dev"
                }
            },
            "autoload": {
                "psr-4": {
                    "Symfony\\Component\\HttpFoundation\\": ""
                },
                "classmap": [
                    "Resources/stubs"
                ]
            },
            "notification-url": "https://packagist.org/downloads/",
            "license": [
                "MIT"
            ],
            "authors": [
                {
                    "name": "Fabien Potencier",
                    "email": "fabien@symfony.com"
                },
                {
                    "name": "Symfony Community",
                    "homepage": "https://symfony.com/contributors"
                }
            ],
            "description": "Symfony HttpFoundation Component",
            "homepage": "https://symfony.com",
            "time": "2015-07-09 16:07:40"
        }
    ],
    "packages-dev": [],
    "aliases": [],
    "minimum-stability": "stable",
    "stability-flags": [],
    "prefer-stable": false,
    "prefer-lowest": false,
    "platform": [],
    "platform-dev": []
}
